// !$*UTF8*$!
{
	archiveVersion = 1;
	classes = {
	};
	objectVersion = 50;
	objects = {

/* Begin PBXBuildFile section */
		9665EC5422F34E0400CD7561 /* FormTapGestureWatchOSBug WatchKit App.app in Embed Watch Content */ = {isa = PBXBuildFile; fileRef = 9665EC5322F34E0400CD7561 /* FormTapGestureWatchOSBug WatchKit App.app */; settings = {ATTRIBUTES = (RemoveHeadersOnCopy, ); }; };
		9665EC5A22F34E0400CD7561 /* Interface.storyboard in Resources */ = {isa = PBXBuildFile; fileRef = 9665EC5822F34E0400CD7561 /* Interface.storyboard */; };
		9665EC5C22F34E0400CD7561 /* Assets.xcassets in Resources */ = {isa = PBXBuildFile; fileRef = 9665EC5B22F34E0400CD7561 /* Assets.xcassets */; };
		9665EC6322F34E0500CD7561 /* FormTapGestureWatchOSBug WatchKit Extension.appex in Embed App Extensions */ = {isa = PBXBuildFile; fileRef = 9665EC6222F34E0500CD7561 /* FormTapGestureWatchOSBug WatchKit Extension.appex */; settings = {ATTRIBUTES = (RemoveHeadersOnCopy, ); }; };
		9665EC6822F34E0500CD7561 /* ContentView.swift in Sources */ = {isa = PBXBuildFile; fileRef = 9665EC6722F34E0500CD7561 /* ContentView.swift */; };
		9665EC6A22F34E0500CD7561 /* HostingController.swift in Sources */ = {isa = PBXBuildFile; fileRef = 9665EC6922F34E0500CD7561 /* HostingController.swift */; };
		9665EC6C22F34E0500CD7561 /* ExtensionDelegate.swift in Sources */ = {isa = PBXBuildFile; fileRef = 9665EC6B22F34E0500CD7561 /* ExtensionDelegate.swift */; };
		9665EC6E22F34E0500CD7561 /* Assets.xcassets in Resources */ = {isa = PBXBuildFile; fileRef = 9665EC6D22F34E0500CD7561 /* Assets.xcassets */; };
		9665EC7122F34E0500CD7561 /* Preview Assets.xcassets in Resources */ = {isa = PBXBuildFile; fileRef = 9665EC7022F34E0500CD7561 /* Preview Assets.xcassets */; };
/* End PBXBuildFile section */

/* Begin PBXContainerItemProxy section */
		9665EC5522F34E0400CD7561 /* PBXContainerItemProxy */ = {
			isa = PBXContainerItemProxy;
			containerPortal = 9665EC4922F34E0400CD7561 /* Project object */;
			proxyType = 1;
			remoteGlobalIDString = 9665EC5222F34E0400CD7561;
			remoteInfo = "FormTapGestureWatchOSBug WatchKit App";
		};
		9665EC6422F34E0500CD7561 /* PBXContainerItemProxy */ = {
			isa = PBXContainerItemProxy;
			containerPortal = 9665EC4922F34E0400CD7561 /* Project object */;
			proxyType = 1;
			remoteGlobalIDString = 9665EC6122F34E0500CD7561;
			remoteInfo = "FormTapGestureWatchOSBug WatchKit Extension";
		};
/* End PBXContainerItemProxy section */

/* Begin PBXCopyFilesBuildPhase section */
		9665EC7822F34E0500CD7561 /* Embed App Extensions */ = {
			isa = PBXCopyFilesBuildPhase;
			buildActionMask = 2147483647;
			dstPath = "";
			dstSubfolderSpec = 13;
			files = (
				9665EC6322F34E0500CD7561 /* FormTapGestureWatchOSBug WatchKit Extension.appex in Embed App Extensions */,
			);
			name = "Embed App Extensions";
			runOnlyForDeploymentPostprocessing = 0;
		};
		9665EC7C22F34E0500CD7561 /* Embed Watch Content */ = {
			isa = PBXCopyFilesBuildPhase;
			buildActionMask = 2147483647;
			dstPath = "$(CONTENTS_FOLDER_PATH)/Watch";
			dstSubfolderSpec = 16;
			files = (
				9665EC5422F34E0400CD7561 /* FormTapGestureWatchOSBug WatchKit App.app in Embed Watch Content */,
			);
			name = "Embed Watch Content";
			runOnlyForDeploymentPostprocessing = 0;
		};
/* End PBXCopyFilesBuildPhase section */

/* Begin PBXFileReference section */
		9665EC4F22F34E0400CD7561 /* FormTapGestureWatchOSBug.app */ = {isa = PBXFileReference; explicitFileType = wrapper.application; includeInIndex = 0; path = FormTapGestureWatchOSBug.app; sourceTree = BUILT_PRODUCTS_DIR; };
		9665EC5322F34E0400CD7561 /* FormTapGestureWatchOSBug WatchKit App.app */ = {isa = PBXFileReference; explicitFileType = wrapper.application; includeInIndex = 0; path = "FormTapGestureWatchOSBug WatchKit App.app"; sourceTree = BUILT_PRODUCTS_DIR; };
		9665EC5922F34E0400CD7561 /* Base */ = {isa = PBXFileReference; lastKnownFileType = file.storyboard; name = Base; path = Base.lproj/Interface.storyboard; sourceTree = "<group>"; };
		9665EC5B22F34E0400CD7561 /* Assets.xcassets */ = {isa = PBXFileReference; lastKnownFileType = folder.assetcatalog; path = Assets.xcassets; sourceTree = "<group>"; };
		9665EC5D22F34E0400CD7561 /* Info.plist */ = {isa = PBXFileReference; lastKnownFileType = text.plist.xml; path = Info.plist; sourceTree = "<group>"; };
		9665EC6222F34E0500CD7561 /* FormTapGestureWatchOSBug WatchKit Extension.appex */ = {isa = PBXFileReference; explicitFileType = "wrapper.app-extension"; includeInIndex = 0; path = "FormTapGestureWatchOSBug WatchKit Extension.appex"; sourceTree = BUILT_PRODUCTS_DIR; };
		9665EC6722F34E0500CD7561 /* ContentView.swift */ = {isa = PBXFileReference; lastKnownFileType = sourcecode.swift; path = ContentView.swift; sourceTree = "<group>"; };
		9665EC6922F34E0500CD7561 /* HostingController.swift */ = {isa = PBXFileReference; lastKnownFileType = sourcecode.swift; path = HostingController.swift; sourceTree = "<group>"; };
		9665EC6B22F34E0500CD7561 /* ExtensionDelegate.swift */ = {isa = PBXFileReference; lastKnownFileType = sourcecode.swift; path = ExtensionDelegate.swift; sourceTree = "<group>"; };
		9665EC6D22F34E0500CD7561 /* Assets.xcassets */ = {isa = PBXFileReference; lastKnownFileType = folder.assetcatalog; path = Assets.xcassets; sourceTree = "<group>"; };
		9665EC7022F34E0500CD7561 /* Preview Assets.xcassets */ = {isa = PBXFileReference; lastKnownFileType = folder.assetcatalog; path = "Preview Assets.xcassets"; sourceTree = "<group>"; };
		9665EC7222F34E0500CD7561 /* Info.plist */ = {isa = PBXFileReference; lastKnownFileType = text.plist.xml; path = Info.plist; sourceTree = "<group>"; };
/* End PBXFileReference section */

/* Begin PBXFrameworksBuildPhase section */
		9665EC5F22F34E0500CD7561 /* Frameworks */ = {
			isa = PBXFrameworksBuildPhase;
			buildActionMask = 2147483647;
			files = (
			);
			runOnlyForDeploymentPostprocessing = 0;
		};
/* End PBXFrameworksBuildPhase section */

/* Begin PBXGroup section */
		9665EC4822F34E0400CD7561 = {
			isa = PBXGroup;
			children = (
				9665EC5722F34E0400CD7561 /* FormTapGestureWatchOSBug WatchKit App */,
				9665EC6622F34E0500CD7561 /* FormTapGestureWatchOSBug WatchKit Extension */,
				9665EC5022F34E0400CD7561 /* Products */,
			);
			sourceTree = "<group>";
		};
		9665EC5022F34E0400CD7561 /* Products */ = {
			isa = PBXGroup;
			children = (
				9665EC4F22F34E0400CD7561 /* FormTapGestureWatchOSBug.app */,
				9665EC5322F34E0400CD7561 /* FormTapGestureWatchOSBug WatchKit App.app */,
				9665EC6222F34E0500CD7561 /* FormTapGestureWatchOSBug WatchKit Extension.appex */,
			);
			name = Products;
			sourceTree = "<group>";
		};
		9665EC5722F34E0400CD7561 /* FormTapGestureWatchOSBug WatchKit App */ = {
			isa = PBXGroup;
			children = (
				9665EC5822F34E0400CD7561 /* Interface.storyboard */,
				9665EC5B22F34E0400CD7561 /* Assets.xcassets */,
				9665EC5D22F34E0400CD7561 /* Info.plist */,
			);
			path = "FormTapGestureWatchOSBug WatchKit App";
			sourceTree = "<group>";
		};
		9665EC6622F34E0500CD7561 /* FormTapGestureWatchOSBug WatchKit Extension */ = {
			isa = PBXGroup;
			children = (
				9665EC6722F34E0500CD7561 /* ContentView.swift */,
				9665EC6922F34E0500CD7561 /* HostingController.swift */,
				9665EC6B22F34E0500CD7561 /* ExtensionDelegate.swift */,
				9665EC6D22F34E0500CD7561 /* Assets.xcassets */,
				9665EC7222F34E0500CD7561 /* Info.plist */,
				9665EC6F22F34E0500CD7561 /* Preview Content */,
			);
			path = "FormTapGestureWatchOSBug WatchKit Extension";
			sourceTree = "<group>";
		};
		9665EC6F22F34E0500CD7561 /* Preview Content */ = {
			isa = PBXGroup;
			children = (
				9665EC7022F34E0500CD7561 /* Preview Assets.xcassets */,
			);
			path = "Preview Content";
			sourceTree = "<group>";
		};
/* End PBXGroup section */

/* Begin PBXNativeTarget section */
		9665EC4E22F34E0400CD7561 /* FormTapGestureWatchOSBug */ = {
			isa = PBXNativeTarget;
			buildConfigurationList = 9665EC7D22F34E0500CD7561 /* Build configuration list for PBXNativeTarget "FormTapGestureWatchOSBug" */;
			buildPhases = (
				9665EC4D22F34E0400CD7561 /* Resources */,
				9665EC7C22F34E0500CD7561 /* Embed Watch Content */,
			);
			buildRules = (
			);
			dependencies = (
				9665EC5622F34E0400CD7561 /* PBXTargetDependency */,
			);
			name = FormTapGestureWatchOSBug;
			productName = FormTapGestureWatchOSBug;
			productReference = 9665EC4F22F34E0400CD7561 /* FormTapGestureWatchOSBug.app */;
			productType = "com.apple.product-type.application.watchapp2-container";
		};
		9665EC5222F34E0400CD7561 /* FormTapGestureWatchOSBug WatchKit App */ = {
			isa = PBXNativeTarget;
			buildConfigurationList = 9665EC7922F34E0500CD7561 /* Build configuration list for PBXNativeTarget "FormTapGestureWatchOSBug WatchKit App" */;
			buildPhases = (
				9665EC5122F34E0400CD7561 /* Resources */,
				9665EC7822F34E0500CD7561 /* Embed App Extensions */,
			);
			buildRules = (
			);
			dependencies = (
				9665EC6522F34E0500CD7561 /* PBXTargetDependency */,
			);
			name = "FormTapGestureWatchOSBug WatchKit App";
			productName = "FormTapGestureWatchOSBug WatchKit App";
			productReference = 9665EC5322F34E0400CD7561 /* FormTapGestureWatchOSBug WatchKit App.app */;
			productType = "com.apple.product-type.application.watchapp2";
		};
		9665EC6122F34E0500CD7561 /* FormTapGestureWatchOSBug WatchKit Extension */ = {
			isa = PBXNativeTarget;
			buildConfigurationList = 9665EC7522F34E0500CD7561 /* Build configuration list for PBXNativeTarget "FormTapGestureWatchOSBug WatchKit Extension" */;
			buildPhases = (
				9665EC5E22F34E0500CD7561 /* Sources */,
				9665EC5F22F34E0500CD7561 /* Frameworks */,
				9665EC6022F34E0500CD7561 /* Resources */,
			);
			buildRules = (
			);
			dependencies = (
			);
			name = "FormTapGestureWatchOSBug WatchKit Extension";
			productName = "FormTapGestureWatchOSBug WatchKit Extension";
			productReference = 9665EC6222F34E0500CD7561 /* FormTapGestureWatchOSBug WatchKit Extension.appex */;
			productType = "com.apple.product-type.watchkit2-extension";
		};
/* End PBXNativeTarget section */

/* Begin PBXProject section */
		9665EC4922F34E0400CD7561 /* Project object */ = {
			isa = PBXProject;
			attributes = {
				LastSwiftUpdateCheck = 1100;
				LastUpgradeCheck = 1100;
				ORGANIZATIONNAME = "Jason Ji";
				TargetAttributes = {
					9665EC4E22F34E0400CD7561 = {
						CreatedOnToolsVersion = 11.0;
					};
					9665EC5222F34E0400CD7561 = {
						CreatedOnToolsVersion = 11.0;
					};
					9665EC6122F34E0500CD7561 = {
						CreatedOnToolsVersion = 11.0;
					};
				};
			};
			buildConfigurationList = 9665EC4C22F34E0400CD7561 /* Build configuration list for PBXProject "FormTapGestureWatchOSBug" */;
			compatibilityVersion = "Xcode 9.3";
			developmentRegion = en;
			hasScannedForEncodings = 0;
			knownRegions = (
				en,
				Base,
			);
			mainGroup = 9665EC4822F34E0400CD7561;
			productRefGroup = 9665EC5022F34E0400CD7561 /* Products */;
			projectDirPath = "";
			projectRoot = "";
			targets = (
				9665EC4E22F34E0400CD7561 /* FormTapGestureWatchOSBug */,
				9665EC5222F34E0400CD7561 /* FormTapGestureWatchOSBug WatchKit App */,
				9665EC6122F34E0500CD7561 /* FormTapGestureWatchOSBug WatchKit Extension */,
			);
		};
/* End PBXProject section */

/* Begin PBXResourcesBuildPhase section */
		9665EC4D22F34E0400CD7561 /* Resources */ = {
			isa = PBXResourcesBuildPhase;
			buildActionMask = 2147483647;
			files = (
			);
			runOnlyForDeploymentPostprocessing = 0;
		};
		9665EC5122F34E0400CD7561 /* Resources */ = {
			isa = PBXResourcesBuildPhase;
			buildActionMask = 2147483647;
			files = (
				9665EC5C22F34E0400CD7561 /* Assets.xcassets in Resources */,
				9665EC5A22F34E0400CD7561 /* Interface.storyboard in Resources */,
			);
			runOnlyForDeploymentPostprocessing = 0;
		};
		9665EC6022F34E0500CD7561 /* Resources */ = {
			isa = PBXResourcesBuildPhase;
			buildActionMask = 2147483647;
			files = (
				9665EC7122F34E0500CD7561 /* Preview Assets.xcassets in Resources */,
				9665EC6E22F34E0500CD7561 /* Assets.xcassets in Resources */,
			);
			runOnlyForDeploymentPostprocessing = 0;
		};
/* End PBXResourcesBuildPhase section */

/* Begin PBXSourcesBuildPhase section */
		9665EC5E22F34E0500CD7561 /* Sources */ = {
			isa = PBXSourcesBuildPhase;
			buildActionMask = 2147483647;
			files = (
				9665EC6A22F34E0500CD7561 /* HostingController.swift in Sources */,
				9665EC6822F34E0500CD7561 /* ContentView.swift in Sources */,
				9665EC6C22F34E0500CD7561 /* ExtensionDelegate.swift in Sources */,
			);
			runOnlyForDeploymentPostprocessing = 0;
		};
/* End PBXSourcesBuildPhase section */

/* Begin PBXTargetDependency section */
		9665EC5622F34E0400CD7561 /* PBXTargetDependency */ = {
			isa = PBXTargetDependency;
			target = 9665EC5222F34E0400CD7561 /* FormTapGestureWatchOSBug WatchKit App */;
			targetProxy = 9665EC5522F34E0400CD7561 /* PBXContainerItemProxy */;
		};
		9665EC6522F34E0500CD7561 /* PBXTargetDependency */ = {
			isa = PBXTargetDependency;
			target = 9665EC6122F34E0500CD7561 /* FormTapGestureWatchOSBug WatchKit Extension */;
			targetProxy = 9665EC6422F34E0500CD7561 /* PBXContainerItemProxy */;
		};
/* End PBXTargetDependency section */

/* Begin PBXVariantGroup section */
		9665EC5822F34E0400CD7561 /* Interface.storyboard */ = {
			isa = PBXVariantGroup;
			children = (
				9665EC5922F34E0400CD7561 /* Base */,
			);
			name = Interface.storyboard;
			sourceTree = "<group>";
		};
/* End PBXVariantGroup section */

/* Begin XCBuildConfiguration section */
		9665EC7322F34E0500CD7561 /* Debug */ = {
			isa = XCBuildConfiguration;
			buildSettings = {
				ALWAYS_SEARCH_USER_PATHS = NO;
				CLANG_ANALYZER_NONNULL = YES;
				CLANG_ANALYZER_NUMBER_OBJECT_CONVERSION = YES_AGGRESSIVE;
				CLANG_CXX_LANGUAGE_STANDARD = "gnu++14";
				CLANG_CXX_LIBRARY = "libc++";
				CLANG_ENABLE_MODULES = YES;
				CLANG_ENABLE_OBJC_ARC = YES;
				CLANG_ENABLE_OBJC_WEAK = YES;
				CLANG_WARN_BLOCK_CAPTURE_AUTORELEASING = YES;
				CLANG_WARN_BOOL_CONVERSION = YES;
				CLANG_WARN_COMMA = YES;
				CLANG_WARN_CONSTANT_CONVERSION = YES;
				CLANG_WARN_DEPRECATED_OBJC_IMPLEMENTATIONS = YES;
				CLANG_WARN_DIRECT_OBJC_ISA_USAGE = YES_ERROR;
				CLANG_WARN_DOCUMENTATION_COMMENTS = YES;
				CLANG_WARN_EMPTY_BODY = YES;
				CLANG_WARN_ENUM_CONVERSION = YES;
				CLANG_WARN_INFINITE_RECURSION = YES;
				CLANG_WARN_INT_CONVERSION = YES;
				CLANG_WARN_NON_LITERAL_NULL_CONVERSION = YES;
				CLANG_WARN_OBJC_IMPLICIT_RETAIN_SELF = YES;
				CLANG_WARN_OBJC_LITERAL_CONVERSION = YES;
				CLANG_WARN_OBJC_ROOT_CLASS = YES_ERROR;
				CLANG_WARN_RANGE_LOOP_ANALYSIS = YES;
				CLANG_WARN_STRICT_PROTOTYPES = YES;
				CLANG_WARN_SUSPICIOUS_MOVE = YES;
				CLANG_WARN_UNGUARDED_AVAILABILITY = YES_AGGRESSIVE;
				CLANG_WARN_UNREACHABLE_CODE = YES;
				CLANG_WARN__DUPLICATE_METHOD_MATCH = YES;
				COPY_PHASE_STRIP = NO;
				DEBUG_INFORMATION_FORMAT = dwarf;
				ENABLE_STRICT_OBJC_MSGSEND = YES;
				ENABLE_TESTABILITY = YES;
				GCC_C_LANGUAGE_STANDARD = gnu11;
				GCC_DYNAMIC_NO_PIC = NO;
				GCC_NO_COMMON_BLOCKS = YES;
				GCC_OPTIMIZATION_LEVEL = 0;
				GCC_PREPROCESSOR_DEFINITIONS = (
					"DEBUG=1",
					"$(inherited)",
				);
				GCC_WARN_64_TO_32_BIT_CONVERSION = YES;
				GCC_WARN_ABOUT_RETURN_TYPE = YES_ERROR;
				GCC_WARN_UNDECLARED_SELECTOR = YES;
				GCC_WARN_UNINITIALIZED_AUTOS = YES_AGGRESSIVE;
				GCC_WARN_UNUSED_FUNCTION = YES;
				GCC_WARN_UNUSED_VARIABLE = YES;
				MTL_ENABLE_DEBUG_INFO = INCLUDE_SOURCE;
				MTL_FAST_MATH = YES;
				ONLY_ACTIVE_ARCH = YES;
				SDKROOT = iphoneos;
				SWIFT_ACTIVE_COMPILATION_CONDITIONS = DEBUG;
				SWIFT_OPTIMIZATION_LEVEL = "-Onone";
			};
			name = Debug;
		};
		9665EC7422F34E0500CD7561 /* Release */ = {
			isa = XCBuildConfiguration;
			buildSettings = {
				ALWAYS_SEARCH_USER_PATHS = NO;
				CLANG_ANALYZER_NONNULL = YES;
				CLANG_ANALYZER_NUMBER_OBJECT_CONVERSION = YES_AGGRESSIVE;
				CLANG_CXX_LANGUAGE_STANDARD = "gnu++14";
				CLANG_CXX_LIBRARY = "libc++";
				CLANG_ENABLE_MODULES = YES;
				CLANG_ENABLE_OBJC_ARC = YES;
				CLANG_ENABLE_OBJC_WEAK = YES;
				CLANG_WARN_BLOCK_CAPTURE_AUTORELEASING = YES;
				CLANG_WARN_BOOL_CONVERSION = YES;
				CLANG_WARN_COMMA = YES;
				CLANG_WARN_CONSTANT_CONVERSION = YES;
				CLANG_WARN_DEPRECATED_OBJC_IMPLEMENTATIONS = YES;
				CLANG_WARN_DIRECT_OBJC_ISA_USAGE = YES_ERROR;
				CLANG_WARN_DOCUMENTATION_COMMENTS = YES;
				CLANG_WARN_EMPTY_BODY = YES;
				CLANG_WARN_ENUM_CONVERSION = YES;
				CLANG_WARN_INFINITE_RECURSION = YES;
				CLANG_WARN_INT_CONVERSION = YES;
				CLANG_WARN_NON_LITERAL_NULL_CONVERSION = YES;
				CLANG_WARN_OBJC_IMPLICIT_RETAIN_SELF = YES;
				CLANG_WARN_OBJC_LITERAL_CONVERSION = YES;
				CLANG_WARN_OBJC_ROOT_CLASS = YES_ERROR;
				CLANG_WARN_RANGE_LOOP_ANALYSIS = YES;
				CLANG_WARN_STRICT_PROTOTYPES = YES;
				CLANG_WARN_SUSPICIOUS_MOVE = YES;
				CLANG_WARN_UNGUARDED_AVAILABILITY = YES_AGGRESSIVE;
				CLANG_WARN_UNREACHABLE_CODE = YES;
				CLANG_WARN__DUPLICATE_METHOD_MATCH = YES;
				COPY_PHASE_STRIP = NO;
				DEBUG_INFORMATION_FORMAT = "dwarf-with-dsym";
				ENABLE_NS_ASSERTIONS = NO;
				ENABLE_STRICT_OBJC_MSGSEND = YES;
				GCC_C_LANGUAGE_STANDARD = gnu11;
				GCC_NO_COMMON_BLOCKS = YES;
				GCC_WARN_64_TO_32_BIT_CONVERSION = YES;
				GCC_WARN_ABOUT_RETURN_TYPE = YES_ERROR;
				GCC_WARN_UNDECLARED_SELECTOR = YES;
				GCC_WARN_UNINITIALIZED_AUTOS = YES_AGGRESSIVE;
				GCC_WARN_UNUSED_FUNCTION = YES;
				GCC_WARN_UNUSED_VARIABLE = YES;
				MTL_ENABLE_DEBUG_INFO = NO;
				MTL_FAST_MATH = YES;
				SDKROOT = iphoneos;
				SWIFT_COMPILATION_MODE = wholemodule;
				SWIFT_OPTIMIZATION_LEVEL = "-O";
				VALIDATE_PRODUCT = YES;
			};
			name = Release;
		};
		9665EC7622F34E0500CD7561 /* Debug */ = {
			isa = XCBuildConfiguration;
			buildSettings = {
				ASSETCATALOG_COMPILER_COMPLICATION_NAME = Complication;
				CODE_SIGN_STYLE = Automatic;
				DEVELOPMENT_ASSET_PATHS = "\"FormTapGestureWatchOSBug WatchKit Extension\"/Preview\\ Content";
				ENABLE_PREVIEWS = YES;
				INFOPLIST_FILE = "FormTapGestureWatchOSBug WatchKit Extension/Info.plist";
				LD_RUNPATH_SEARCH_PATHS = (
					"$(inherited)",
					"@executable_path/Frameworks",
					"@executable_path/../../Frameworks",
				);
				PRODUCT_BUNDLE_IDENTIFIER = com.capitalonelabs.FormTapGestureWatchOSBug.watchkitapp.watchkitextension;
				PRODUCT_NAME = "${TARGET_NAME}";
				SDKROOT = watchos;
				SKIP_INSTALL = YES;
				SWIFT_VERSION = 5.0;
				TARGETED_DEVICE_FAMILY = 4;
				WATCHOS_DEPLOYMENT_TARGET = 6.0;
			};
			name = Debug;
		};
		9665EC7722F34E0500CD7561 /* Release */ = {
			isa = XCBuildConfiguration;
			buildSettings = {
				ASSETCATALOG_COMPILER_COMPLICATION_NAME = Complication;
				CODE_SIGN_STYLE = Automatic;
				DEVELOPMENT_ASSET_PATHS = "\"FormTapGestureWatchOSBug WatchKit Extension\"/Preview\\ Content";
				ENABLE_PREVIEWS = YES;
				INFOPLIST_FILE = "FormTapGestureWatchOSBug WatchKit Extension/Info.plist";
				LD_RUNPATH_SEARCH_PATHS = (
					"$(inherited)",
					"@executable_path/Frameworks",
					"@executable_path/../../Frameworks",
				);
				PRODUCT_BUNDLE_IDENTIFIER = com.capitalonelabs.FormTapGestureWatchOSBug.watchkitapp.watchkitextension;
				PRODUCT_NAME = "${TARGET_NAME}";
				SDKROOT = watchos;
				SKIP_INSTALL = YES;
				SWIFT_VERSION = 5.0;
				TARGETED_DEVICE_FAMILY = 4;
				WATCHOS_DEPLOYMENT_TARGET = 6.0;
			};
			name = Release;
		};
		9665EC7A22F34E0500CD7561 /* Debug */ = {
			isa = XCBuildConfiguration;
			buildSettings = {
				ALWAYS_EMBED_SWIFT_STANDARD_LIBRARIES = YES;
				ASSETCATALOG_COMPILER_APPICON_NAME = AppIcon;
				CODE_SIGN_STYLE = Automatic;
				IBSC_MODULE = FormTapGestureWatchOSBug_WatchKit_Extension;
				INFOPLIST_FILE = "FormTapGestureWatchOSBug WatchKit App/Info.plist";
				PRODUCT_BUNDLE_IDENTIFIER = com.capitalonelabs.FormTapGestureWatchOSBug.watchkitapp;
				PRODUCT_NAME = "$(TARGET_NAME)";
				SDKROOT = watchos;
				SKIP_INSTALL = YES;
				SWIFT_VERSION = 5.0;
				TARGETED_DEVICE_FAMILY = 4;
				WATCHOS_DEPLOYMENT_TARGET = 6.0;
			};
			name = Debug;
		};
		9665EC7B22F34E0500CD7561 /* Release */ = {
			isa = XCBuildConfiguration;
			buildSettings = {
				ALWAYS_EMBED_SWIFT_STANDARD_LIBRARIES = YES;
				ASSETCATALOG_COMPILER_APPICON_NAME = AppIcon;
				CODE_SIGN_STYLE = Automatic;
				IBSC_MODULE = FormTapGestureWatchOSBug_WatchKit_Extension;
				INFOPLIST_FILE = "FormTapGestureWatchOSBug WatchKit App/Info.plist";
				PRODUCT_BUNDLE_IDENTIFIER = com.capitalonelabs.FormTapGestureWatchOSBug.watchkitapp;
				PRODUCT_NAME = "$(TARGET_NAME)";
				SDKROOT = watchos;
				SKIP_INSTALL = YES;
				SWIFT_VERSION = 5.0;
				TARGETED_DEVICE_FAMILY = 4;
				WATCHOS_DEPLOYMENT_TARGET = 6.0;
			};
			name = Release;
		};
		9665EC7E22F34E0500CD7561 /* Debug */ = {
			isa = XCBuildConfiguration;
			buildSettings = {
				CODE_SIGN_STYLE = Automatic;
				CURRENT_PROJECT_VERSION = 1;
				MARKETING_VERSION = 1.0;
				PRODUCT_BUNDLE_IDENTIFIER = com.capitalonelabs.FormTapGestureWatchOSBug;
				PRODUCT_NAME = "$(TARGET_NAME)";
				SWIFT_VERSION = 5.0;
			};
			name = Debug;
		};
		9665EC7F22F34E0500CD7561 /* Release */ = {
			isa = XCBuildConfiguration;
			buildSettings = {
				CODE_SIGN_STYLE = Automatic;
				CURRENT_PROJECT_VERSION = 1;
				MARKETING_VERSION = 1.0;
				PRODUCT_BUNDLE_IDENTIFIER = com.capitalonelabs.FormTapGestureWatchOSBug;
				PRODUCT_NAME = "$(TARGET_NAME)";
				SWIFT_VERSION = 5.0;
			};
			name = Release;
		};
/* End XCBuildConfiguration section */

/* Begin XCConfigurationList section */
		9665EC4C22F34E0400CD7561 /* Build configuration list for PBXProject "FormTapGestureWatchOSBug" */ = {
			isa = XCConfigurationList;
			buildConfigurations = (
				9665EC7322F34E0500CD7561 /* Debug */,
				9665EC7422F34E0500CD7561 /* Release */,
			);
			defaultConfigurationIsVisible = 0;
			defaultConfigurationName = Release;
		};
		9665EC7522F34E0500CD7561 /* Build configuration list for PBXNativeTarget "FormTapGestureWatchOSBug WatchKit Extension" */ = {
			isa = XCConfigurationList;
			buildConfigurations = (
				9665EC7622F34E0500CD7561 /* Debug */,
				9665EC7722F34E0500CD7561 /* Release */,
			);
			defaultConfigurationIsVisible = 0;
			defaultConfigurationName = Release;
		};
		9665EC7922F34E0500CD7561 /* Build configuration list for PBXNativeTarget "FormTapGestureWatchOSBug WatchKit App" */ = {
			isa = XCConfigurationList;
			buildConfigurations = (
				9665EC7A22F34E0500CD7561 /* Debug */,
				9665EC7B22F34E0500CD7561 /* Release */,
			);
			defaultConfigurationIsVisible = 0;
			defaultConfigurationName = Release;
		};
		9665EC7D22F34E0500CD7561 /* Build configuration list for PBXNativeTarget "FormTapGestureWatchOSBug" */ = {
			isa = XCConfigurationList;
			buildConfigurations = (
				9665EC7E22F34E0500CD7561 /* Debug */,
				9665EC7F22F34E0500CD7561 /* Release */,
			);
			defaultConfigurationIsVisible = 0;
			defaultConfigurationName = Release;
		};
/* End XCConfigurationList section */
	};
	rootObject = 9665EC4922F34E0400CD7561 /* Project object */;
}
